
Microsoft Visual Studio Solution File, Format Version 12.00
# Visual Studio 15
VisualStudioVersion = 15.0.26430.16
MinimumVisualStudioVersion = 10.0.40219.1
Project("{FAE04EC0-301F-11D3-BF4B-00C04F79EFBC}") = "PrimeTables.Core", "PrimeTables\PrimeTables.Core\PrimeTables.Core.csproj", "{588B0337-4663-4278-BFE5-FABD34E5D654}"
EndProject
Project("{FAE04EC0-301F-11D3-BF4B-00C04F79EFBC}") = "PrimeTables.WPF", "PrimeTables\PrimeTables.WPF\PrimeTables.WPF.csproj", "{23286DC1-0A2B-4D17-BA56-481358CF808D}"
EndProject
Project("{FAE04EC0-301F-11D3-BF4B-00C04F79EFBC}") = "PrimeTables.Test", "PrimeTables.Test\PrimeTables.Test.csproj", "{ECFCA0F3-173B-4719-AE2C-D513E764B908}"
EndProject
Global
	GlobalSection(SolutionConfigurationPlatforms) = preSolution
		Ad-Hoc|Any CPU = Ad-Hoc|Any CPU
		Ad-Hoc|ARM = Ad-Hoc|ARM
		Ad-Hoc|iPhone = Ad-Hoc|iPhone
		Ad-Hoc|iPhoneSimulator = Ad-Hoc|iPhoneSimulator
		Ad-Hoc|x64 = Ad-Hoc|x64
		Ad-Hoc|x86 = Ad-Hoc|x86
		AppStore|Any CPU = AppStore|Any CPU
		AppStore|ARM = AppStore|ARM
		AppStore|iPhone = AppStore|iPhone
		AppStore|iPhoneSimulator = AppStore|iPhoneSimulator
		AppStore|x64 = AppStore|x64
		AppStore|x86 = AppStore|x86
		Debug|Any CPU = Debug|Any CPU
		Debug|ARM = Debug|ARM
		Debug|iPhone = Debug|iPhone
		Debug|iPhoneSimulator = Debug|iPhoneSimulator
		Debug|x64 = Debug|x64
		Debug|x86 = Debug|x86
		Release|Any CPU = Release|Any CPU
		Release|ARM = Release|ARM
		Release|iPhone = Release|iPhone
		Release|iPhoneSimulator = Release|iPhoneSimulator
		Release|x64 = Release|x64
		Release|x86 = Release|x86
	EndGlobalSection
	GlobalSection(ProjectConfigurationPlatforms) = postSolution
		{588B0337-4663-4278-BFE5-FABD34E5D654}.Ad-Hoc|Any CPU.ActiveCfg = Release|Any CPU
		{588B0337-4663-4278-BFE5-FABD34E5D654}.Ad-Hoc|Any CPU.Build.0 = Release|Any CPU
		{588B0337-4663-4278-BFE5-FABD34E5D654}.Ad-Hoc|ARM.ActiveCfg = Release|Any CPU
		{588B0337-4663-4278-BFE5-FABD34E5D654}.Ad-Hoc|ARM.Build.0 = Release|Any CPU
		{588B0337-4663-4278-BFE5-FABD34E5D654}.Ad-Hoc|iPhone.ActiveCfg = Release|Any CPU
		{588B0337-4663-4278-BFE5-FABD34E5D654}.Ad-Hoc|iPhone.Build.0 = Release|Any CPU
		{588B0337-4663-4278-BFE5-FABD34E5D654}.Ad-Hoc|iPhoneSimulator.ActiveCfg = Release|Any CPU
		{588B0337-4663-4278-BFE5-FABD34E5D654}.Ad-Hoc|iPhoneSimulator.Build.0 = Release|Any CPU
		{588B0337-4663-4278-BFE5-FABD34E5D654}.Ad-Hoc|x64.ActiveCfg = Release|Any CPU
		{588B0337-4663-4278-BFE5-FABD34E5D654}.Ad-Hoc|x64.Build.0 = Release|Any CPU
		{588B0337-4663-4278-BFE5-FABD34E5D654}.Ad-Hoc|x86.ActiveCfg = Release|Any CPU
		{588B0337-4663-4278-BFE5-FABD34E5D654}.Ad-Hoc|x86.Build.0 = Release|Any CPU
		{588B0337-4663-4278-BFE5-FABD34E5D654}.AppStore|Any CPU.ActiveCfg = Release|Any CPU
		{588B0337-4663-4278-BFE5-FABD34E5D654}.AppStore|Any CPU.Build.0 = Release|Any CPU
		{588B0337-4663-4278-BFE5-FABD34E5D654}.AppStore|ARM.ActiveCfg = Release|Any CPU
		{588B0337-4663-4278-BFE5-FABD34E5D654}.AppStore|ARM.Build.0 = Release|Any CPU
		{588B0337-4663-4278-BFE5-FABD34E5D654}.AppStore|iPhone.ActiveCfg = Release|Any CPU
		{588B0337-4663-4278-BFE5-FABD34E5D654}.AppStore|iPhone.Build.0 = Release|Any CPU
		{588B0337-4663-4278-BFE5-FABD34E5D654}.AppStore|iPhoneSimulator.ActiveCfg = Release|Any CPU
		{588B0337-4663-4278-BFE5-FABD34E5D654}.AppStore|iPhoneSimulator.Build.0 = Release|Any CPU
		{588B0337-4663-4278-BFE5-FABD34E5D654}.AppStore|x64.ActiveCfg = Release|Any CPU
		{588B0337-4663-4278-BFE5-FABD34E5D654}.AppStore|x64.Build.0 = Release|Any CPU
		{588B0337-4663-4278-BFE5-FABD34E5D654}.AppStore|x86.ActiveCfg = Release|Any CPU
		{588B0337-4663-4278-BFE5-FABD34E5D654}.AppStore|x86.Build.0 = Release|Any CPU
		{588B0337-4663-4278-BFE5-FABD34E5D654}.Debug|Any CPU.ActiveCfg = Debug|Any CPU
		{588B0337-4663-4278-BFE5-FABD34E5D654}.Debug|Any CPU.Build.0 = Debug|Any CPU
		{588B0337-4663-4278-BFE5-FABD34E5D654}.Debug|ARM.ActiveCfg = Debug|Any CPU
		{588B0337-4663-4278-BFE5-FABD34E5D654}.Debug|ARM.Build.0 = Debug|Any CPU
		{588B0337-4663-4278-BFE5-FABD34E5D654}.Debug|iPhone.ActiveCfg = Debug|Any CPU
		{588B0337-4663-4278-BFE5-FABD34E5D654}.Debug|iPhone.Build.0 = Debug|Any CPU
		{588B0337-4663-4278-BFE5-FABD34E5D654}.Debug|iPhoneSimulator.ActiveCfg = Debug|Any CPU
		{588B0337-4663-4278-BFE5-FABD34E5D654}.Debug|iPhoneSimulator.Build.0 = Debug|Any CPU
		{588B0337-4663-4278-BFE5-FABD34E5D654}.Debug|x64.ActiveCfg = Debug|Any CPU
		{588B0337-4663-4278-BFE5-FABD34E5D654}.Debug|x64.Build.0 = Debug|Any CPU
		{588B0337-4663-4278-BFE5-FABD34E5D654}.Debug|x86.ActiveCfg = Debug|Any CPU
		{588B0337-4663-4278-BFE5-FABD34E5D654}.Debug|x86.Build.0 = Debug|Any CPU
		{588B0337-4663-4278-BFE5-FABD34E5D654}.Release|Any CPU.ActiveCfg = Release|Any CPU
		{588B0337-4663-4278-BFE5-FABD34E5D654}.Release|Any CPU.Build.0 = Release|Any CPU
		{588B0337-4663-4278-BFE5-FABD34E5D654}.Release|ARM.ActiveCfg = Release|Any CPU
		{588B0337-4663-4278-BFE5-FABD34E5D654}.Release|ARM.Build.0 = Release|Any CPU
		{588B0337-4663-4278-BFE5-FABD34E5D654}.Release|iPhone.ActiveCfg = Release|Any CPU
		{588B0337-4663-4278-BFE5-FABD34E5D654}.Release|iPhone.Build.0 = Release|Any CPU
		{588B0337-4663-4278-BFE5-FABD34E5D654}.Release|iPhoneSimulator.ActiveCfg = Release|Any CPU
		{588B0337-4663-4278-BFE5-FABD34E5D654}.Release|iPhoneSimulator.Build.0 = Release|Any CPU
		{588B0337-4663-4278-BFE5-FABD34E5D654}.Release|x64.ActiveCfg = Release|Any CPU
		{588B0337-4663-4278-BFE5-FABD34E5D654}.Release|x64.Build.0 = Release|Any CPU
		{588B0337-4663-4278-BFE5-FABD34E5D654}.Release|x86.ActiveCfg = Release|Any CPU
		{588B0337-4663-4278-BFE5-FABD34E5D654}.Release|x86.Build.0 = Release|Any CPU
		{23286DC1-0A2B-4D17-BA56-481358CF808D}.Ad-Hoc|Any CPU.ActiveCfg = Release|Any CPU
		{23286DC1-0A2B-4D17-BA56-481358CF808D}.Ad-Hoc|Any CPU.Build.0 = Release|Any CPU
		{23286DC1-0A2B-4D17-BA56-481358CF808D}.Ad-Hoc|ARM.ActiveCfg = Release|Any CPU
		{23286DC1-0A2B-4D17-BA56-481358CF808D}.Ad-Hoc|ARM.Build.0 = Release|Any CPU
		{23286DC1-0A2B-4D17-BA56-481358CF808D}.Ad-Hoc|iPhone.ActiveCfg = Release|Any CPU
		{23286DC1-0A2B-4D17-BA56-481358CF808D}.Ad-Hoc|iPhone.Build.0 = Release|Any CPU
		{23286DC1-0A2B-4D17-BA56-481358CF808D}.Ad-Hoc|iPhoneSimulator.ActiveCfg = Release|Any CPU
		{23286DC1-0A2B-4D17-BA56-481358CF808D}.Ad-Hoc|iPhoneSimulator.Build.0 = Release|Any CPU
		{23286DC1-0A2B-4D17-BA56-481358CF808D}.Ad-Hoc|x64.ActiveCfg = Release|Any CPU
		{23286DC1-0A2B-4D17-BA56-481358CF808D}.Ad-Hoc|x64.Build.0 = Release|Any CPU
		{23286DC1-0A2B-4D17-BA56-481358CF808D}.Ad-Hoc|x86.ActiveCfg = Release|Any CPU
		{23286DC1-0A2B-4D17-BA56-481358CF808D}.Ad-Hoc|x86.Build.0 = Release|Any CPU
		{23286DC1-0A2B-4D17-BA56-481358CF808D}.AppStore|Any CPU.ActiveCfg = Release|Any CPU
		{23286DC1-0A2B-4D17-BA56-481358CF808D}.AppStore|Any CPU.Build.0 = Release|Any CPU
		{23286DC1-0A2B-4D17-BA56-481358CF808D}.AppStore|ARM.ActiveCfg = Release|Any CPU
		{23286DC1-0A2B-4D17-BA56-481358CF808D}.AppStore|ARM.Build.0 = Release|Any CPU
		{23286DC1-0A2B-4D17-BA56-481358CF808D}.AppStore|iPhone.ActiveCfg = Release|Any CPU
		{23286DC1-0A2B-4D17-BA56-481358CF808D}.AppStore|iPhone.Build.0 = Release|Any CPU
		{23286DC1-0A2B-4D17-BA56-481358CF808D}.AppStore|iPhoneSimulator.ActiveCfg = Release|Any CPU
		{23286DC1-0A2B-4D17-BA56-481358CF808D}.AppStore|iPhoneSimulator.Build.0 = Release|Any CPU
		{23286DC1-0A2B-4D17-BA56-481358CF808D}.AppStore|x64.ActiveCfg = Release|Any CPU
		{23286DC1-0A2B-4D17-BA56-481358CF808D}.AppStore|x64.Build.0 = Release|Any CPU
		{23286DC1-0A2B-4D17-BA56-481358CF808D}.AppStore|x86.ActiveCfg = Release|Any CPU
		{23286DC1-0A2B-4D17-BA56-481358CF808D}.AppStore|x86.Build.0 = Release|Any CPU
		{23286DC1-0A2B-4D17-BA56-481358CF808D}.Debug|Any CPU.ActiveCfg = Debug|Any CPU
		{23286DC1-0A2B-4D17-BA56-481358CF808D}.Debug|Any CPU.Build.0 = Debug|Any CPU
		{23286DC1-0A2B-4D17-BA56-481358CF808D}.Debug|ARM.ActiveCfg = Debug|Any CPU
		{23286DC1-0A2B-4D17-BA56-481358CF808D}.Debug|ARM.Build.0 = Debug|Any CPU
		{23286DC1-0A2B-4D17-BA56-481358CF808D}.Debug|iPhone.ActiveCfg = Debug|Any CPU
		{23286DC1-0A2B-4D17-BA56-481358CF808D}.Debug|iPhone.Build.0 = Debug|Any CPU
		{23286DC1-0A2B-4D17-BA56-481358CF808D}.Debug|iPhoneSimulator.ActiveCfg = Debug|Any CPU
		{23286DC1-0A2B-4D17-BA56-481358CF808D}.Debug|iPhoneSimulator.Build.0 = Debug|Any CPU
		{23286DC1-0A2B-4D17-BA56-481358CF808D}.Debug|x64.ActiveCfg = Debug|Any CPU
		{23286DC1-0A2B-4D17-BA56-481358CF808D}.Debug|x64.Build.0 = Debug|Any CPU
		{23286DC1-0A2B-4D17-BA56-481358CF808D}.Debug|x86.ActiveCfg = Debug|Any CPU
		{23286DC1-0A2B-4D17-BA56-481358CF808D}.Debug|x86.Build.0 = Debug|Any CPU
		{23286DC1-0A2B-4D17-BA56-481358CF808D}.Release|Any CPU.ActiveCfg = Release|Any CPU
		{23286DC1-0A2B-4D17-BA56-481358CF808D}.Release|Any CPU.Build.0 = Release|Any CPU
		{23286DC1-0A2B-4D17-BA56-481358CF808D}.Release|ARM.ActiveCfg = Release|Any CPU
		{23286DC1-0A2B-4D17-BA56-481358CF808D}.Release|ARM.Build.0 = Release|Any CPU
		{23286DC1-0A2B-4D17-BA56-481358CF808D}.Release|iPhone.ActiveCfg = Release|Any CPU
		{23286DC1-0A2B-4D17-BA56-481358CF808D}.Release|iPhone.Build.0 = Release|Any CPU
		{23286DC1-0A2B-4D17-BA56-481358CF808D}.Release|iPhoneSimulator.ActiveCfg = Release|Any CPU
		{23286DC1-0A2B-4D17-BA56-481358CF808D}.Release|iPhoneSimulator.Build.0 = Release|Any CPU
		{23286DC1-0A2B-4D17-BA56-481358CF808D}.Release|x64.ActiveCfg = Release|Any CPU
		{23286DC1-0A2B-4D17-BA56-481358CF808D}.Release|x64.Build.0 = Release|Any CPU
		{23286DC1-0A2B-4D17-BA56-481358CF808D}.Release|x86.ActiveCfg = Release|Any CPU
		{23286DC1-0A2B-4D17-BA56-481358CF808D}.Release|x86.Build.0 = Release|Any CPU
		{ECFCA0F3-173B-4719-AE2C-D513E764B908}.Ad-Hoc|Any CPU.ActiveCfg = Release|Any CPU
		{ECFCA0F3-173B-4719-AE2C-D513E764B908}.Ad-Hoc|Any CPU.Build.0 = Release|Any CPU
		{ECFCA0F3-173B-4719-AE2C-D513E764B908}.Ad-Hoc|ARM.ActiveCfg = Release|Any CPU
		{ECFCA0F3-173B-4719-AE2C-D513E764B908}.Ad-Hoc|ARM.Build.0 = Release|Any CPU
		{ECFCA0F3-173B-4719-AE2C-D513E764B908}.Ad-Hoc|iPhone.ActiveCfg = Release|Any CPU
		{ECFCA0F3-173B-4719-AE2C-D513E764B908}.Ad-Hoc|iPhone.Build.0 = Release|Any CPU
		{ECFCA0F3-173B-4719-AE2C-D513E764B908}.Ad-Hoc|iPhoneSimulator.ActiveCfg = Release|Any CPU
		{ECFCA0F3-173B-4719-AE2C-D513E764B908}.Ad-Hoc|iPhoneSimulator.Build.0 = Release|Any CPU
		{ECFCA0F3-173B-4719-AE2C-D513E764B908}.Ad-Hoc|x64.ActiveCfg = Release|Any CPU
		{ECFCA0F3-173B-4719-AE2C-D513E764B908}.Ad-Hoc|x64.Build.0 = Release|Any CPU
		{ECFCA0F3-173B-4719-AE2C-D513E764B908}.Ad-Hoc|x86.ActiveCfg = Release|Any CPU
		{ECFCA0F3-173B-4719-AE2C-D513E764B908}.Ad-Hoc|x86.Build.0 = Release|Any CPU
		{ECFCA0F3-173B-4719-AE2C-D513E764B908}.AppStore|Any CPU.ActiveCfg = Release|Any CPU
		{ECFCA0F3-173B-4719-AE2C-D513E764B908}.AppStore|Any CPU.Build.0 = Release|Any CPU
		{ECFCA0F3-173B-4719-AE2C-D513E764B908}.AppStore|ARM.ActiveCfg = Release|Any CPU
		{ECFCA0F3-173B-4719-AE2C-D513E764B908}.AppStore|ARM.Build.0 = Release|Any CPU
		{ECFCA0F3-173B-4719-AE2C-D513E764B908}.AppStore|iPhone.ActiveCfg = Release|Any CPU
		{ECFCA0F3-173B-4719-AE2C-D513E764B908}.AppStore|iPhone.Build.0 = Release|Any CPU
		{ECFCA0F3-173B-4719-AE2C-D513E764B908}.AppStore|iPhoneSimulator.ActiveCfg = Release|Any CPU
		{ECFCA0F3-173B-4719-AE2C-D513E764B908}.AppStore|iPhoneSimulator.Build.0 = Release|Any CPU
		{ECFCA0F3-173B-4719-AE2C-D513E764B908}.AppStore|x64.ActiveCfg = Release|Any CPU
		{ECFCA0F3-173B-4719-AE2C-D513E764B908}.AppStore|x64.Build.0 = Release|Any CPU
		{ECFCA0F3-173B-4719-AE2C-D513E764B908}.AppStore|x86.ActiveCfg = Release|Any CPU
		{ECFCA0F3-173B-4719-AE2C-D513E764B908}.AppStore|x86.Build.0 = Release|Any CPU
		{ECFCA0F3-173B-4719-AE2C-D513E764B908}.Debug|Any CPU.ActiveCfg = Debug|Any CPU
		{ECFCA0F3-173B-4719-AE2C-D513E764B908}.Debug|Any CPU.Build.0 = Debug|Any CPU
		{ECFCA0F3-173B-4719-AE2C-D513E764B908}.Debug|ARM.ActiveCfg = Debug|Any CPU
		{ECFCA0F3-173B-4719-AE2C-D513E764B908}.Debug|ARM.Build.0 = Debug|Any CPU
		{ECFCA0F3-173B-4719-AE2C-D513E764B908}.Debug|iPhone.ActiveCfg = Debug|Any CPU
		{ECFCA0F3-173B-4719-AE2C-D513E764B908}.Debug|iPhone.Build.0 = Debug|Any CPU
		{ECFCA0F3-173B-4719-AE2C-D513E764B908}.Debug|iPhoneSimulator.ActiveCfg = Debug|Any CPU
		{ECFCA0F3-173B-4719-AE2C-D513E764B908}.Debug|iPhoneSimulator.Build.0 = Debug|Any CPU
		{ECFCA0F3-173B-4719-AE2C-D513E764B908}.Debug|x64.ActiveCfg = Debug|Any CPU
		{ECFCA0F3-173B-4719-AE2C-D513E764B908}.Debug|x64.Build.0 = Debug|Any CPU
		{ECFCA0F3-173B-4719-AE2C-D513E764B908}.Debug|x86.ActiveCfg = Debug|Any CPU
		{ECFCA0F3-173B-4719-AE2C-D513E764B908}.Debug|x86.Build.0 = Debug|Any CPU
		{ECFCA0F3-173B-4719-AE2C-D513E764B908}.Release|Any CPU.ActiveCfg = Release|Any CPU
		{ECFCA0F3-173B-4719-AE2C-D513E764B908}.Release|Any CPU.Build.0 = Release|Any CPU
		{ECFCA0F3-173B-4719-AE2C-D513E764B908}.Release|ARM.ActiveCfg = Release|Any CPU
		{ECFCA0F3-173B-4719-AE2C-D513E764B908}.Release|ARM.Build.0 = Release|Any CPU
		{ECFCA0F3-173B-4719-AE2C-D513E764B908}.Release|iPhone.ActiveCfg = Release|Any CPU
		{ECFCA0F3-173B-4719-AE2C-D513E764B908}.Release|iPhone.Build.0 = Release|Any CPU
		{ECFCA0F3-173B-4719-AE2C-D513E764B908}.Release|iPhoneSimulator.ActiveCfg = Release|Any CPU
		{ECFCA0F3-173B-4719-AE2C-D513E764B908}.Release|iPhoneSimulator.Build.0 = Release|Any CPU
		{ECFCA0F3-173B-4719-AE2C-D513E764B908}.Release|x64.ActiveCfg = Release|Any CPU
		{ECFCA0F3-173B-4719-AE2C-D513E764B908}.Release|x64.Build.0 = Release|Any CPU
		{ECFCA0F3-173B-4719-AE2C-D513E764B908}.Release|x86.ActiveCfg = Release|Any CPU
		{ECFCA0F3-173B-4719-AE2C-D513E764B908}.Release|x86.Build.0 = Release|Any CPU
	EndGlobalSection
	GlobalSection(SolutionProperties) = preSolution
		HideSolutionNode = FALSE
	EndGlobalSection
EndGlobal
